// !$*UTF8*$!
{
	archiveVersion = 1;
	classes = {
	};
	objectVersion = 56;
	objects = {

/* Begin PBXBuildFile section */
		CAD0C19429F98784006F51BF /* Baltic_Amadeus_iOS_TaskApp.swift in Sources */ = {isa = PBXBuildFile; fileRef = CAD0C19329F98784006F51BF /* Baltic_Amadeus_iOS_TaskApp.swift */; };
		CAD0C19629F98784006F51BF /* PostsListView.swift in Sources */ = {isa = PBXBuildFile; fileRef = CAD0C19529F98784006F51BF /* PostsListView.swift */; };
		CAD0C19829F98786006F51BF /* Assets.xcassets in Resources */ = {isa = PBXBuildFile; fileRef = CAD0C19729F98786006F51BF /* Assets.xcassets */; };
		CAD0C19B29F98786006F51BF /* Preview Assets.xcassets in Resources */ = {isa = PBXBuildFile; fileRef = CAD0C19A29F98786006F51BF /* Preview Assets.xcassets */; };
		CAD0C1A929F98AFC006F51BF /* Post.swift in Sources */ = {isa = PBXBuildFile; fileRef = CAD0C1A829F98AFC006F51BF /* Post.swift */; };
		CAD0C1AB29F98B6B006F51BF /* User.swift in Sources */ = {isa = PBXBuildFile; fileRef = CAD0C1AA29F98B6B006F51BF /* User.swift */; };
		CAD0C1AD29F98D8F006F51BF /* APIService.swift in Sources */ = {isa = PBXBuildFile; fileRef = CAD0C1AC29F98D8F006F51BF /* APIService.swift */; };
		CAD0C1AF29F9957E006F51BF /* PostsListViewModel.swift in Sources */ = {isa = PBXBuildFile; fileRef = CAD0C1AE29F9957E006F51BF /* PostsListViewModel.swift */; };
		CAD0C1B229F99ED3006F51BF /* PostView.swift in Sources */ = {isa = PBXBuildFile; fileRef = CAD0C1B129F99ED3006F51BF /* PostView.swift */; };
		CAD0C1B429F9A104006F51BF /* UserDetailView.swift in Sources */ = {isa = PBXBuildFile; fileRef = CAD0C1B329F9A104006F51BF /* UserDetailView.swift */; };
		CAD0C1B729F9A712006F51BF /* CoreDataService.swift in Sources */ = {isa = PBXBuildFile; fileRef = CAD0C1B629F9A712006F51BF /* CoreDataService.swift */; };
		CAD0C1BA29F9A7BE006F51BF /* DataBaseModel.xcdatamodeld in Sources */ = {isa = PBXBuildFile; fileRef = CAD0C1B829F9A7BE006F51BF /* DataBaseModel.xcdatamodeld */; };
		CAD0C1BD29F9AF23006F51BF /* UserRepository.swift in Sources */ = {isa = PBXBuildFile; fileRef = CAD0C1BC29F9AF23006F51BF /* UserRepository.swift */; };
		CAD0C1BF29F9B83E006F51BF /* PostRepository.swift in Sources */ = {isa = PBXBuildFile; fileRef = CAD0C1BE29F9B83E006F51BF /* PostRepository.swift */; };
/* End PBXBuildFile section */

/* Begin PBXFileReference section */
		CAD0C19029F98784006F51BF /* Baltic Amadeus iOS Task.app */ = {isa = PBXFileReference; explicitFileType = wrapper.application; includeInIndex = 0; path = "Baltic Amadeus iOS Task.app"; sourceTree = BUILT_PRODUCTS_DIR; };
		CAD0C19329F98784006F51BF /* Baltic_Amadeus_iOS_TaskApp.swift */ = {isa = PBXFileReference; lastKnownFileType = sourcecode.swift; path = Baltic_Amadeus_iOS_TaskApp.swift; sourceTree = "<group>"; };
		CAD0C19529F98784006F51BF /* PostsListView.swift */ = {isa = PBXFileReference; lastKnownFileType = sourcecode.swift; path = PostsListView.swift; sourceTree = "<group>"; };
		CAD0C19729F98786006F51BF /* Assets.xcassets */ = {isa = PBXFileReference; lastKnownFileType = folder.assetcatalog; path = Assets.xcassets; sourceTree = "<group>"; };
		CAD0C19A29F98786006F51BF /* Preview Assets.xcassets */ = {isa = PBXFileReference; lastKnownFileType = folder.assetcatalog; path = "Preview Assets.xcassets"; sourceTree = "<group>"; };
		CAD0C1A829F98AFC006F51BF /* Post.swift */ = {isa = PBXFileReference; lastKnownFileType = sourcecode.swift; path = Post.swift; sourceTree = "<group>"; };
		CAD0C1AA29F98B6B006F51BF /* User.swift */ = {isa = PBXFileReference; lastKnownFileType = sourcecode.swift; path = User.swift; sourceTree = "<group>"; };
		CAD0C1AC29F98D8F006F51BF /* APIService.swift */ = {isa = PBXFileReference; lastKnownFileType = sourcecode.swift; path = APIService.swift; sourceTree = "<group>"; };
		CAD0C1AE29F9957E006F51BF /* PostsListViewModel.swift */ = {isa = PBXFileReference; lastKnownFileType = sourcecode.swift; path = PostsListViewModel.swift; sourceTree = "<group>"; };
		CAD0C1B129F99ED3006F51BF /* PostView.swift */ = {isa = PBXFileReference; lastKnownFileType = sourcecode.swift; path = PostView.swift; sourceTree = "<group>"; };
		CAD0C1B329F9A104006F51BF /* UserDetailView.swift */ = {isa = PBXFileReference; lastKnownFileType = sourcecode.swift; path = UserDetailView.swift; sourceTree = "<group>"; };
		CAD0C1B629F9A712006F51BF /* CoreDataService.swift */ = {isa = PBXFileReference; lastKnownFileType = sourcecode.swift; path = CoreDataService.swift; sourceTree = "<group>"; };
		CAD0C1B929F9A7BE006F51BF /* DataBaseModel.xcdatamodel */ = {isa = PBXFileReference; lastKnownFileType = wrapper.xcdatamodel; path = DataBaseModel.xcdatamodel; sourceTree = "<group>"; };
		CAD0C1BC29F9AF23006F51BF /* UserRepository.swift */ = {isa = PBXFileReference; lastKnownFileType = sourcecode.swift; path = UserRepository.swift; sourceTree = "<group>"; };
		CAD0C1BE29F9B83E006F51BF /* PostRepository.swift */ = {isa = PBXFileReference; lastKnownFileType = sourcecode.swift; path = PostRepository.swift; sourceTree = "<group>"; };
/* End PBXFileReference section */

/* Begin PBXFrameworksBuildPhase section */
		CAD0C18D29F98784006F51BF /* Frameworks */ = {
			isa = PBXFrameworksBuildPhase;
			buildActionMask = 2147483647;
			files = (
			);
			runOnlyForDeploymentPostprocessing = 0;
		};
/* End PBXFrameworksBuildPhase section */

/* Begin PBXGroup section */
		CAD0C18729F98784006F51BF = {
			isa = PBXGroup;
			children = (
				CAD0C19229F98784006F51BF /* Baltic Amadeus iOS Task */,
				CAD0C19129F98784006F51BF /* Products */,
			);
			sourceTree = "<group>";
		};
		CAD0C19129F98784006F51BF /* Products */ = {
			isa = PBXGroup;
			children = (
				CAD0C19029F98784006F51BF /* Baltic Amadeus iOS Task.app */,
			);
			name = Products;
			sourceTree = "<group>";
		};
		CAD0C19229F98784006F51BF /* Baltic Amadeus iOS Task */ = {
			isa = PBXGroup;
			children = (
				CAD0C1BB29F9AEC2006F51BF /* Repository */,
				CAD0C1A129F98876006F51BF /* Views */,
				CAD0C1A629F98922006F51BF /* Models */,
				CAD0C1A329F9888C006F51BF /* Services */,
				CAD0C19329F98784006F51BF /* Baltic_Amadeus_iOS_TaskApp.swift */,
				CAD0C19729F98786006F51BF /* Assets.xcassets */,
				CAD0C19929F98786006F51BF /* Preview Content */,
				CAD0C1B829F9A7BE006F51BF /* DataBaseModel.xcdatamodeld */,
			);
			path = "Baltic Amadeus iOS Task";
			sourceTree = "<group>";
		};
		CAD0C19929F98786006F51BF /* Preview Content */ = {
			isa = PBXGroup;
			children = (
				CAD0C19A29F98786006F51BF /* Preview Assets.xcassets */,
			);
			path = "Preview Content";
			sourceTree = "<group>";
		};
		CAD0C1A129F98876006F51BF /* Views */ = {
			isa = PBXGroup;
			children = (
				CAD0C1B029F99EA2006F51BF /* Post */,
				CAD0C1A529F988F9006F51BF /* User */,
				CAD0C1A429F988E7006F51BF /* PostsList */,
			);
			path = Views;
			sourceTree = "<group>";
		};
		CAD0C1A329F9888C006F51BF /* Services */ = {
			isa = PBXGroup;
			children = (
				CAD0C1B529F9A6F0006F51BF /* CoreDataService */,
				CAD0C1AC29F98D8F006F51BF /* APIService.swift */,
			);
			path = Services;
			sourceTree = "<group>";
		};
		CAD0C1A429F988E7006F51BF /* PostsList */ = {
			isa = PBXGroup;
			children = (
				CAD0C19529F98784006F51BF /* PostsListView.swift */,
				CAD0C1AE29F9957E006F51BF /* PostsListViewModel.swift */,
			);
			path = PostsList;
			sourceTree = "<group>";
		};
		CAD0C1A529F988F9006F51BF /* User */ = {
			isa = PBXGroup;
			children = (
				CAD0C1B329F9A104006F51BF /* UserDetailView.swift */,
			);
			path = User;
			sourceTree = "<group>";
		};
		CAD0C1A629F98922006F51BF /* Models */ = {
			isa = PBXGroup;
			children = (
				CAD0C1A829F98AFC006F51BF /* Post.swift */,
				CAD0C1AA29F98B6B006F51BF /* User.swift */,
			);
			path = Models;
			sourceTree = "<group>";
		};
		CAD0C1B029F99EA2006F51BF /* Post */ = {
			isa = PBXGroup;
			children = (
				CAD0C1B129F99ED3006F51BF /* PostView.swift */,
			);
			path = Post;
			sourceTree = "<group>";
		};
		CAD0C1B529F9A6F0006F51BF /* CoreDataService */ = {
			isa = PBXGroup;
			children = (
				CAD0C1B629F9A712006F51BF /* CoreDataService.swift */,
			);
			path = CoreDataService;
			sourceTree = "<group>";
		};
		CAD0C1BB29F9AEC2006F51BF /* Repository */ = {
			isa = PBXGroup;
			children = (
				CAD0C1BC29F9AF23006F51BF /* UserRepository.swift */,
				CAD0C1BE29F9B83E006F51BF /* PostRepository.swift */,
			);
			path = Repository;
			sourceTree = "<group>";
		};
/* End PBXGroup section */

/* Begin PBXNativeTarget section */
		CAD0C18F29F98784006F51BF /* Baltic Amadeus iOS Task */ = {
			isa = PBXNativeTarget;
			buildConfigurationList = CAD0C19E29F98786006F51BF /* Build configuration list for PBXNativeTarget "Baltic Amadeus iOS Task" */;
			buildPhases = (
				CAD0C18C29F98784006F51BF /* Sources */,
				CAD0C18D29F98784006F51BF /* Frameworks */,
				CAD0C18E29F98784006F51BF /* Resources */,
			);
			buildRules = (
			);
			dependencies = (
			);
			name = "Baltic Amadeus iOS Task";
			productName = "Baltic Amadeus iOS Task";
			productReference = CAD0C19029F98784006F51BF /* Baltic Amadeus iOS Task.app */;
			productType = "com.apple.product-type.application";
		};
/* End PBXNativeTarget section */

/* Begin PBXProject section */
		CAD0C18829F98784006F51BF /* Project object */ = {
			isa = PBXProject;
			attributes = {
				BuildIndependentTargetsInParallel = 1;
				LastSwiftUpdateCheck = 1430;
				LastUpgradeCheck = 1430;
				TargetAttributes = {
					CAD0C18F29F98784006F51BF = {
						CreatedOnToolsVersion = 14.3;
					};
				};
			};
			buildConfigurationList = CAD0C18B29F98784006F51BF /* Build configuration list for PBXProject "Baltic Amadeus iOS Task" */;
			compatibilityVersion = "Xcode 14.0";
			developmentRegion = en;
			hasScannedForEncodings = 0;
			knownRegions = (
				en,
				Base,
			);
			mainGroup = CAD0C18729F98784006F51BF;
			productRefGroup = CAD0C19129F98784006F51BF /* Products */;
			projectDirPath = "";
			projectRoot = "";
			targets = (
				CAD0C18F29F98784006F51BF /* Baltic Amadeus iOS Task */,
			);
		};
/* End PBXProject section */

/* Begin PBXResourcesBuildPhase section */
		CAD0C18E29F98784006F51BF /* Resources */ = {
			isa = PBXResourcesBuildPhase;
			buildActionMask = 2147483647;
			files = (
				CAD0C19B29F98786006F51BF /* Preview Assets.xcassets in Resources */,
				CAD0C19829F98786006F51BF /* Assets.xcassets in Resources */,
			);
			runOnlyForDeploymentPostprocessing = 0;
		};
/* End PBXResourcesBuildPhase section */

/* Begin PBXSourcesBuildPhase section */
		CAD0C18C29F98784006F51BF /* Sources */ = {
			isa = PBXSourcesBuildPhase;
			buildActionMask = 2147483647;
			files = (
				CAD0C1BD29F9AF23006F51BF /* UserRepository.swift in Sources */,
				CAD0C1BF29F9B83E006F51BF /* PostRepository.swift in Sources */,
				CAD0C1B229F99ED3006F51BF /* PostView.swift in Sources */,
				CAD0C1AF29F9957E006F51BF /* PostsListViewModel.swift in Sources */,
				CAD0C1AB29F98B6B006F51BF /* User.swift in Sources */,
				CAD0C1AD29F98D8F006F51BF /* APIService.swift in Sources */,
				CAD0C1B429F9A104006F51BF /* UserDetailView.swift in Sources */,
				CAD0C1A929F98AFC006F51BF /* Post.swift in Sources */,
				CAD0C19629F98784006F51BF /* PostsListView.swift in Sources */,
				CAD0C1B729F9A712006F51BF /* CoreDataService.swift in Sources */,
				CAD0C1BA29F9A7BE006F51BF /* DataBaseModel.xcdatamodeld in Sources */,
				CAD0C19429F98784006F51BF /* Baltic_Amadeus_iOS_TaskApp.swift in Sources */,
			);
			runOnlyForDeploymentPostprocessing = 0;
		};
/* End PBXSourcesBuildPhase section */

/* Begin XCBuildConfiguration section */
		CAD0C19C29F98786006F51BF /* Debug */ = {
			isa = XCBuildConfiguration;
			buildSettings = {
				ALWAYS_SEARCH_USER_PATHS = NO;
				CLANG_ANALYZER_NONNULL = YES;
				CLANG_ANALYZER_NUMBER_OBJECT_CONVERSION = YES_AGGRESSIVE;
				CLANG_CXX_LANGUAGE_STANDARD = "gnu++20";
				CLANG_ENABLE_MODULES = YES;
				CLANG_ENABLE_OBJC_ARC = YES;
				CLANG_ENABLE_OBJC_WEAK = YES;
				CLANG_WARN_BLOCK_CAPTURE_AUTORELEASING = YES;
				CLANG_WARN_BOOL_CONVERSION = YES;
				CLANG_WARN_COMMA = YES;
				CLANG_WARN_CONSTANT_CONVERSION = YES;
				CLANG_WARN_DEPRECATED_OBJC_IMPLEMENTATIONS = YES;
				CLANG_WARN_DIRECT_OBJC_ISA_USAGE = YES_ERROR;
				CLANG_WARN_DOCUMENTATION_COMMENTS = YES;
				CLANG_WARN_EMPTY_BODY = YES;
				CLANG_WARN_ENUM_CONVERSION = YES;
				CLANG_WARN_INFINITE_RECURSION = YES;
				CLANG_WARN_INT_CONVERSION = YES;
				CLANG_WARN_NON_LITERAL_NULL_CONVERSION = YES;
				CLANG_WARN_OBJC_IMPLICIT_RETAIN_SELF = YES;
				CLANG_WARN_OBJC_LITERAL_CONVERSION = YES;
				CLANG_WARN_OBJC_ROOT_CLASS = YES_ERROR;
				CLANG_WARN_QUOTED_INCLUDE_IN_FRAMEWORK_HEADER = YES;
				CLANG_WARN_RANGE_LOOP_ANALYSIS = YES;
				CLANG_WARN_STRICT_PROTOTYPES = YES;
				CLANG_WARN_SUSPICIOUS_MOVE = YES;
				CLANG_WARN_UNGUARDED_AVAILABILITY = YES_AGGRESSIVE;
				CLANG_WARN_UNREACHABLE_CODE = YES;
				CLANG_WARN__DUPLICATE_METHOD_MATCH = YES;
				COPY_PHASE_STRIP = NO;
				DEBUG_INFORMATION_FORMAT = dwarf;
				ENABLE_STRICT_OBJC_MSGSEND = YES;
				ENABLE_TESTABILITY = YES;
				GCC_C_LANGUAGE_STANDARD = gnu11;
				GCC_DYNAMIC_NO_PIC = NO;
				GCC_NO_COMMON_BLOCKS = YES;
				GCC_OPTIMIZATION_LEVEL = 0;
				GCC_PREPROCESSOR_DEFINITIONS = (
					"DEBUG=1",
					"$(inherited)",
				);
				GCC_WARN_64_TO_32_BIT_CONVERSION = YES;
				GCC_WARN_ABOUT_RETURN_TYPE = YES_ERROR;
				GCC_WARN_UNDECLARED_SELECTOR = YES;
				GCC_WARN_UNINITIALIZED_AUTOS = YES_AGGRESSIVE;
				GCC_WARN_UNUSED_FUNCTION = YES;
				GCC_WARN_UNUSED_VARIABLE = YES;
				IPHONEOS_DEPLOYMENT_TARGET = 16.4;
				MTL_ENABLE_DEBUG_INFO = INCLUDE_SOURCE;
				MTL_FAST_MATH = YES;
				ONLY_ACTIVE_ARCH = YES;
				SDKROOT = iphoneos;
				SWIFT_ACTIVE_COMPILATION_CONDITIONS = DEBUG;
				SWIFT_OPTIMIZATION_LEVEL = "-Onone";
			};
			name = Debug;
		};
		CAD0C19D29F98786006F51BF /* Release */ = {
			isa = XCBuildConfiguration;
			buildSettings = {
				ALWAYS_SEARCH_USER_PATHS = NO;
				CLANG_ANALYZER_NONNULL = YES;
				CLANG_ANALYZER_NUMBER_OBJECT_CONVERSION = YES_AGGRESSIVE;
				CLANG_CXX_LANGUAGE_STANDARD = "gnu++20";
				CLANG_ENABLE_MODULES = YES;
				CLANG_ENABLE_OBJC_ARC = YES;
				CLANG_ENABLE_OBJC_WEAK = YES;
				CLANG_WARN_BLOCK_CAPTURE_AUTORELEASING = YES;
				CLANG_WARN_BOOL_CONVERSION = YES;
				CLANG_WARN_COMMA = YES;
				CLANG_WARN_CONSTANT_CONVERSION = YES;
				CLANG_WARN_DEPRECATED_OBJC_IMPLEMENTATIONS = YES;
				CLANG_WARN_DIRECT_OBJC_ISA_USAGE = YES_ERROR;
				CLANG_WARN_DOCUMENTATION_COMMENTS = YES;
				CLANG_WARN_EMPTY_BODY = YES;
				CLANG_WARN_ENUM_CONVERSION = YES;
				CLANG_WARN_INFINITE_RECURSION = YES;
				CLANG_WARN_INT_CONVERSION = YES;
				CLANG_WARN_NON_LITERAL_NULL_CONVERSION = YES;
				CLANG_WARN_OBJC_IMPLICIT_RETAIN_SELF = YES;
				CLANG_WARN_OBJC_LITERAL_CONVERSION = YES;
				CLANG_WARN_OBJC_ROOT_CLASS = YES_ERROR;
				CLANG_WARN_QUOTED_INCLUDE_IN_FRAMEWORK_HEADER = YES;
				CLANG_WARN_RANGE_LOOP_ANALYSIS = YES;
				CLANG_WARN_STRICT_PROTOTYPES = YES;
				CLANG_WARN_SUSPICIOUS_MOVE = YES;
				CLANG_WARN_UNGUARDED_AVAILABILITY = YES_AGGRESSIVE;
				CLANG_WARN_UNREACHABLE_CODE = YES;
				CLANG_WARN__DUPLICATE_METHOD_MATCH = YES;
				COPY_PHASE_STRIP = NO;
				DEBUG_INFORMATION_FORMAT = "dwarf-with-dsym";
				ENABLE_NS_ASSERTIONS = NO;
				ENABLE_STRICT_OBJC_MSGSEND = YES;
				GCC_C_LANGUAGE_STANDARD = gnu11;
				GCC_NO_COMMON_BLOCKS = YES;
				GCC_WARN_64_TO_32_BIT_CONVERSION = YES;
				GCC_WARN_ABOUT_RETURN_TYPE = YES_ERROR;
				GCC_WARN_UNDECLARED_SELECTOR = YES;
				GCC_WARN_UNINITIALIZED_AUTOS = YES_AGGRESSIVE;
				GCC_WARN_UNUSED_FUNCTION = YES;
				GCC_WARN_UNUSED_VARIABLE = YES;
				IPHONEOS_DEPLOYMENT_TARGET = 16.4;
				MTL_ENABLE_DEBUG_INFO = NO;
				MTL_FAST_MATH = YES;
				SDKROOT = iphoneos;
				SWIFT_COMPILATION_MODE = wholemodule;
				SWIFT_OPTIMIZATION_LEVEL = "-O";
				VALIDATE_PRODUCT = YES;
			};
			name = Release;
		};
		CAD0C19F29F98786006F51BF /* Debug */ = {
			isa = XCBuildConfiguration;
			buildSettings = {
				ASSETCATALOG_COMPILER_APPICON_NAME = AppIcon;
				ASSETCATALOG_COMPILER_GLOBAL_ACCENT_COLOR_NAME = AccentColor;
				CODE_SIGN_STYLE = Automatic;
				CURRENT_PROJECT_VERSION = 1;
				DEVELOPMENT_ASSET_PATHS = "\"Baltic Amadeus iOS Task/Preview Content\"";
				DEVELOPMENT_TEAM = YPU23UZ4AQ;
				ENABLE_PREVIEWS = YES;
				GENERATE_INFOPLIST_FILE = YES;
				INFOPLIST_KEY_UIApplicationSceneManifest_Generation = YES;
				INFOPLIST_KEY_UIApplicationSupportsIndirectInputEvents = YES;
				INFOPLIST_KEY_UILaunchScreen_Generation = YES;
				INFOPLIST_KEY_UISupportedInterfaceOrientations_iPad = "UIInterfaceOrientationPortrait UIInterfaceOrientationPortraitUpsideDown UIInterfaceOrientationLandscapeLeft UIInterfaceOrientationLandscapeRight";
				INFOPLIST_KEY_UISupportedInterfaceOrientations_iPhone = "UIInterfaceOrientationPortrait UIInterfaceOrientationLandscapeLeft UIInterfaceOrientationLandscapeRight";
				IPHONEOS_DEPLOYMENT_TARGET = 15.0;
				LD_RUNPATH_SEARCH_PATHS = (
					"$(inherited)",
					"@executable_path/Frameworks",
				);
				MARKETING_VERSION = 1.0;
				PRODUCT_BUNDLE_IDENTIFIER = "com.app.Baltic-Amadeus-iOS-Task";
				PRODUCT_NAME = "$(TARGET_NAME)";
				SUPPORTED_PLATFORMS = "iphoneos iphonesimulator";
				SUPPORTS_MACCATALYST = NO;
				SUPPORTS_MAC_DESIGNED_FOR_IPHONE_IPAD = NO;
				SWIFT_EMIT_LOC_STRINGS = YES;
				SWIFT_VERSION = 5.0;
				TARGETED_DEVICE_FAMILY = 1;
			};
			name = Debug;
		};
		CAD0C1A029F98786006F51BF /* Release */ = {
			isa = XCBuildConfiguration;
			buildSettings = {
				ASSETCATALOG_COMPILER_APPICON_NAME = AppIcon;
				ASSETCATALOG_COMPILER_GLOBAL_ACCENT_COLOR_NAME = AccentColor;
				CODE_SIGN_STYLE = Automatic;
				CURRENT_PROJECT_VERSION = 1;
				DEVELOPMENT_ASSET_PATHS = "\"Baltic Amadeus iOS Task/Preview Content\"";
				DEVELOPMENT_TEAM = YPU23UZ4AQ;
				ENABLE_PREVIEWS = YES;
				GENERATE_INFOPLIST_FILE = YES;
				INFOPLIST_KEY_UIApplicationSceneManifest_Generation = YES;
				INFOPLIST_KEY_UIApplicationSupportsIndirectInputEvents = YES;
				INFOPLIST_KEY_UILaunchScreen_Generation = YES;
				INFOPLIST_KEY_UISupportedInterfaceOrientations_iPad = "UIInterfaceOrientationPortrait UIInterfaceOrientationPortraitUpsideDown UIInterfaceOrientationLandscapeLeft UIInterfaceOrientationLandscapeRight";
				INFOPLIST_KEY_UISupportedInterfaceOrientations_iPhone = "UIInterfaceOrientationPortrait UIInterfaceOrientationLandscapeLeft UIInterfaceOrientationLandscapeRight";
				IPHONEOS_DEPLOYMENT_TARGET = 15.0;
				LD_RUNPATH_SEARCH_PATHS = (
					"$(inherited)",
					"@executable_path/Frameworks",
				);
				MARKETING_VERSION = 1.0;
				PRODUCT_BUNDLE_IDENTIFIER = "com.app.Baltic-Amadeus-iOS-Task";
				PRODUCT_NAME = "$(TARGET_NAME)";
				SUPPORTED_PLATFORMS = "iphoneos iphonesimulator";
				SUPPORTS_MACCATALYST = NO;
				SUPPORTS_MAC_DESIGNED_FOR_IPHONE_IPAD = NO;
				SWIFT_EMIT_LOC_STRINGS = YES;
				SWIFT_VERSION = 5.0;
				TARGETED_DEVICE_FAMILY = 1;
			};
			name = Release;
		};
/* End XCBuildConfiguration section */

/* Begin XCConfigurationList section */
		CAD0C18B29F98784006F51BF /* Build configuration list for PBXProject "Baltic Amadeus iOS Task" */ = {
			isa = XCConfigurationList;
			buildConfigurations = (
				CAD0C19C29F98786006F51BF /* Debug */,
				CAD0C19D29F98786006F51BF /* Release */,
			);
			defaultConfigurationIsVisible = 0;
			defaultConfigurationName = Release;
		};
		CAD0C19E29F98786006F51BF /* Build configuration list for PBXNativeTarget "Baltic Amadeus iOS Task" */ = {
			isa = XCConfigurationList;
			buildConfigurations = (
				CAD0C19F29F98786006F51BF /* Debug */,
				CAD0C1A029F98786006F51BF /* Release */,
			);
			defaultConfigurationIsVisible = 0;
			defaultConfigurationName = Release;
		};
/* End XCConfigurationList section */

/* Begin XCVersionGroup section */
		CAD0C1B829F9A7BE006F51BF /* DataBaseModel.xcdatamodeld */ = {
			isa = XCVersionGroup;
			children = (
				CAD0C1B929F9A7BE006F51BF /* DataBaseModel.xcdatamodel */,
			);
			currentVersion = CAD0C1B929F9A7BE006F51BF /* DataBaseModel.xcdatamodel */;
			path = DataBaseModel.xcdatamodeld;
			sourceTree = "<group>";
			versionGroupType = wrapper.xcdatamodel;
		};
/* End XCVersionGroup section */
	};
	rootObject = CAD0C18829F98784006F51BF /* Project object */;
}
